# This file is automatically @generated by Cargo.
# It is not intended for manual editing.
version = 3

[[package]]
name = "louailin-ai"
version = "0.1.0"

[[package]]
name = "louailin-core"
version = "0.1.0"

[[package]]
name = "louailin-plugin"
version = "0.1.0"

[[package]]
name = "louailink"
version = "0.1.0"
